// !$*UTF8*$!
{
	archiveVersion = 1;
	classes = {
	};
	objectVersion = 46;
	objects = {

/* Begin PBXBuildFile section */
		0589EAEC1F4BF8C1001BD395 /* FrameExtractor.swift in Sources */ = {isa = PBXBuildFile; fileRef = 0589EAEB1F4BF8C1001BD395 /* FrameExtractor.swift */; };
		059881641E0CF5F10008399D /* AssetManager.swift in Sources */ = {isa = PBXBuildFile; fileRef = 059881631E0CF5F10008399D /* AssetManager.swift */; };
		05A97B8A1DE1045200CAD0F0 /* AppDelegate.swift in Sources */ = {isa = PBXBuildFile; fileRef = 05A97B891DE1045200CAD0F0 /* AppDelegate.swift */; };
		05A97B8C1DE1045200CAD0F0 /* ViewController.swift in Sources */ = {isa = PBXBuildFile; fileRef = 05A97B8B1DE1045200CAD0F0 /* ViewController.swift */; };
		05A97B8F1DE1045200CAD0F0 /* Main.storyboard in Resources */ = {isa = PBXBuildFile; fileRef = 05A97B8D1DE1045200CAD0F0 /* Main.storyboard */; };
		05A97B911DE1045200CAD0F0 /* Assets.xcassets in Resources */ = {isa = PBXBuildFile; fileRef = 05A97B901DE1045200CAD0F0 /* Assets.xcassets */; };
		05A97B941DE1045200CAD0F0 /* LaunchScreen.storyboard in Resources */ = {isa = PBXBuildFile; fileRef = 05A97B921DE1045200CAD0F0 /* LaunchScreen.storyboard */; };
/* End PBXBuildFile section */

/* Begin PBXFileReference section */
		0589EAEB1F4BF8C1001BD395 /* FrameExtractor.swift */ = {isa = PBXFileReference; fileEncoding = 4; lastKnownFileType = sourcecode.swift; path = FrameExtractor.swift; sourceTree = "<group>"; };
		059881631E0CF5F10008399D /* AssetManager.swift */ = {isa = PBXFileReference; fileEncoding = 4; lastKnownFileType = sourcecode.swift; name = AssetManager.swift; path = ../AssetManager.swift; sourceTree = "<group>"; };
		05A97B861DE1045200CAD0F0 /* MuNu.app */ = {isa = PBXFileReference; explicitFileType = wrapper.application; includeInIndex = 0; path = MuNu.app; sourceTree = BUILT_PRODUCTS_DIR; };
		05A97B891DE1045200CAD0F0 /* AppDelegate.swift */ = {isa = PBXFileReference; lastKnownFileType = sourcecode.swift; path = AppDelegate.swift; sourceTree = "<group>"; };
		05A97B8B1DE1045200CAD0F0 /* ViewController.swift */ = {isa = PBXFileReference; lastKnownFileType = sourcecode.swift; path = ViewController.swift; sourceTree = "<group>"; };
		05A97B8E1DE1045200CAD0F0 /* Base */ = {isa = PBXFileReference; lastKnownFileType = file.storyboard; name = Base; path = Base.lproj/Main.storyboard; sourceTree = "<group>"; };
		05A97B901DE1045200CAD0F0 /* Assets.xcassets */ = {isa = PBXFileReference; lastKnownFileType = folder.assetcatalog; path = Assets.xcassets; sourceTree = "<group>"; };
		05A97B931DE1045200CAD0F0 /* Base */ = {isa = PBXFileReference; lastKnownFileType = file.storyboard; name = Base; path = Base.lproj/LaunchScreen.storyboard; sourceTree = "<group>"; };
		05A97B951DE1045200CAD0F0 /* Info.plist */ = {isa = PBXFileReference; lastKnownFileType = text.plist.xml; path = Info.plist; sourceTree = "<group>"; };
/* End PBXFileReference section */

/* Begin PBXFrameworksBuildPhase section */
		05A97B831DE1045200CAD0F0 /* Frameworks */ = {
			isa = PBXFrameworksBuildPhase;
			buildActionMask = 2147483647;
			files = (
			);
			runOnlyForDeploymentPostprocessing = 0;
		};
/* End PBXFrameworksBuildPhase section */

/* Begin PBXGroup section */
		05A97B7D1DE1045200CAD0F0 = {
			isa = PBXGroup;
			children = (
				05A97B881DE1045200CAD0F0 /* MuNu */,
				05A97B871DE1045200CAD0F0 /* Products */,
			);
			sourceTree = "<group>";
		};
		05A97B871DE1045200CAD0F0 /* Products */ = {
			isa = PBXGroup;
			children = (
				05A97B861DE1045200CAD0F0 /* MuNu.app */,
			);
			name = Products;
			sourceTree = "<group>";
		};
		05A97B881DE1045200CAD0F0 /* MuNu */ = {
			isa = PBXGroup;
			children = (
				05A97B891DE1045200CAD0F0 /* AppDelegate.swift */,
				05A97B8B1DE1045200CAD0F0 /* ViewController.swift */,
				059881631E0CF5F10008399D /* AssetManager.swift */,
				05A97B8D1DE1045200CAD0F0 /* Main.storyboard */,
				05A97B901DE1045200CAD0F0 /* Assets.xcassets */,
				05A97B921DE1045200CAD0F0 /* LaunchScreen.storyboard */,
				05A97B951DE1045200CAD0F0 /* Info.plist */,
				0589EAEB1F4BF8C1001BD395 /* FrameExtractor.swift */,
			);
			path = MuNu;
			sourceTree = "<group>";
		};
/* End PBXGroup section */

/* Begin PBXNativeTarget section */
		05A97B851DE1045200CAD0F0 /* MuNu */ = {
			isa = PBXNativeTarget;
			buildConfigurationList = 05A97B981DE1045200CAD0F0 /* Build configuration list for PBXNativeTarget "MuNu" */;
			buildPhases = (
				05A97B821DE1045200CAD0F0 /* Sources */,
				05A97B831DE1045200CAD0F0 /* Frameworks */,
				05A97B841DE1045200CAD0F0 /* Resources */,
			);
			buildRules = (
			);
			dependencies = (
			);
			name = MuNu;
			productName = MuNu;
			productReference = 05A97B861DE1045200CAD0F0 /* MuNu.app */;
			productType = "com.apple.product-type.application";
		};
/* End PBXNativeTarget section */

/* Begin PBXProject section */
		05A97B7E1DE1045200CAD0F0 /* Project object */ = {
			isa = PBXProject;
			attributes = {
				LastSwiftUpdateCheck = 0810;
				LastUpgradeCheck = 0820;
				ORGANIZATIONNAME = "Rafael M Mudafort";
				TargetAttributes = {
					05A97B851DE1045200CAD0F0 = {
						CreatedOnToolsVersion = 8.1;
						DevelopmentTeam = WYX936TWEU;
						ProvisioningStyle = Automatic;
					};
				};
			};
			buildConfigurationList = 05A97B811DE1045200CAD0F0 /* Build configuration list for PBXProject "MuNu" */;
			compatibilityVersion = "Xcode 3.2";
			developmentRegion = English;
			hasScannedForEncodings = 0;
			knownRegions = (
				en,
				Base,
			);
			mainGroup = 05A97B7D1DE1045200CAD0F0;
			productRefGroup = 05A97B871DE1045200CAD0F0 /* Products */;
			projectDirPath = "";
			projectRoot = "";
			targets = (
				05A97B851DE1045200CAD0F0 /* MuNu */,
			);
		};
/* End PBXProject section */

/* Begin PBXResourcesBuildPhase section */
		05A97B841DE1045200CAD0F0 /* Resources */ = {
			isa = PBXResourcesBuildPhase;
			buildActionMask = 2147483647;
			files = (
				05A97B941DE1045200CAD0F0 /* LaunchScreen.storyboard in Resources */,
				05A97B911DE1045200CAD0F0 /* Assets.xcassets in Resources */,
				05A97B8F1DE1045200CAD0F0 /* Main.storyboard in Resources */,
			);
			runOnlyForDeploymentPostprocessing = 0;
		};
/* End PBXResourcesBuildPhase section */

/* Begin PBXSourcesBuildPhase section */
		05A97B821DE1045200CAD0F0 /* Sources */ = {
			isa = PBXSourcesBuildPhase;
			buildActionMask = 2147483647;
			files = (
				05A97B8C1DE1045200CAD0F0 /* ViewController.swift in Sources */,
				059881641E0CF5F10008399D /* AssetManager.swift in Sources */,
				05A97B8A1DE1045200CAD0F0 /* AppDelegate.swift in Sources */,
				0589EAEC1F4BF8C1001BD395 /* FrameExtractor.swift in Sources */,
			);
			runOnlyForDeploymentPostprocessing = 0;
		};
/* End PBXSourcesBuildPhase section */

/* Begin PBXVariantGroup section */
		05A97B8D1DE1045200CAD0F0 /* Main.storyboard */ = {
			isa = PBXVariantGroup;
			children = (
				05A97B8E1DE1045200CAD0F0 /* Base */,
			);
			name = Main.storyboard;
			sourceTree = "<group>";
		};
		05A97B921DE1045200CAD0F0 /* LaunchScreen.storyboard */ = {
			isa = PBXVariantGroup;
			children = (
				05A97B931DE1045200CAD0F0 /* Base */,
			);
			name = LaunchScreen.storyboard;
			sourceTree = "<group>";
		};
/* End PBXVariantGroup section */

/* Begin XCBuildConfiguration section */
		05A97B961DE1045200CAD0F0 /* Debug */ = {
			isa = XCBuildConfiguration;
			buildSettings = {
				ALWAYS_SEARCH_USER_PATHS = NO;
				CLANG_ANALYZER_NONNULL = YES;
				CLANG_CXX_LANGUAGE_STANDARD = "gnu++0x";
				CLANG_CXX_LIBRARY = "libc++";
				CLANG_ENABLE_MODULES = YES;
				CLANG_ENABLE_OBJC_ARC = YES;
				CLANG_WARN_BOOL_CONVERSION = YES;
				CLANG_WARN_CONSTANT_CONVERSION = YES;
				CLANG_WARN_DIRECT_OBJC_ISA_USAGE = YES_ERROR;
				CLANG_WARN_DOCUMENTATION_COMMENTS = YES;
				CLANG_WARN_EMPTY_BODY = YES;
				CLANG_WARN_ENUM_CONVERSION = YES;
				CLANG_WARN_INFINITE_RECURSION = YES;
				CLANG_WARN_INT_CONVERSION = YES;
				CLANG_WARN_OBJC_ROOT_CLASS = YES_ERROR;
				CLANG_WARN_SUSPICIOUS_MOVE = YES;
				CLANG_WARN_SUSPICIOUS_MOVES = YES;
				CLANG_WARN_UNREACHABLE_CODE = YES;
				CLANG_WARN__DUPLICATE_METHOD_MATCH = YES;
				"CODE_SIGN_IDENTITY[sdk=iphoneos*]" = "iPhone Developer";
				COPY_PHASE_STRIP = NO;
				DEBUG_INFORMATION_FORMAT = dwarf;
				ENABLE_STRICT_OBJC_MSGSEND = YES;
				ENABLE_TESTABILITY = YES;
				GCC_C_LANGUAGE_STANDARD = gnu99;
				GCC_DYNAMIC_NO_PIC = NO;
				GCC_NO_COMMON_BLOCKS = YES;
				GCC_OPTIMIZATION_LEVEL = 0;
				GCC_PREPROCESSOR_DEFINITIONS = (
					"DEBUG=1",
					"$(inherited)",
				);
				GCC_WARN_64_TO_32_BIT_CONVERSION = YES;
				GCC_WARN_ABOUT_RETURN_TYPE = YES_ERROR;
				GCC_WARN_UNDECLARED_SELECTOR = YES;
				GCC_WARN_UNINITIALIZED_AUTOS = YES_AGGRESSIVE;
				GCC_WARN_UNUSED_FUNCTION = YES;
				GCC_WARN_UNUSED_VARIABLE = YES;
				IPHONEOS_DEPLOYMENT_TARGET = 10.1;
				MTL_ENABLE_DEBUG_INFO = YES;
				ONLY_ACTIVE_ARCH = YES;
				SDKROOT = iphoneos;
				SWIFT_ACTIVE_COMPILATION_CONDITIONS = DEBUG;
				SWIFT_OPTIMIZATION_LEVEL = "-Onone";
				TARGETED_DEVICE_FAMILY = "1,2";
			};
			name = Debug;
		};
		05A97B971DE1045200CAD0F0 /* Release */ = {
			isa = XCBuildConfiguration;
			buildSettings = {
				ALWAYS_SEARCH_USER_PATHS = NO;
				CLANG_ANALYZER_NONNULL = YES;
				CLANG_CXX_LANGUAGE_STANDARD = "gnu++0x";
				CLANG_CXX_LIBRARY = "libc++";
				CLANG_ENABLE_MODULES = YES;
				CLANG_ENABLE_OBJC_ARC = YES;
				CLANG_WARN_BOOL_CONVERSION = YES;
				CLANG_WARN_CONSTANT_CONVERSION = YES;
				CLANG_WARN_DIRECT_OBJC_ISA_USAGE = YES_ERROR;
				CLANG_WARN_DOCUMENTATION_COMMENTS = YES;
				CLANG_WARN_EMPTY_BODY = YES;
				CLANG_WARN_ENUM_CONVERSION = YES;
				CLANG_WARN_INFINITE_RECURSION = YES;
				CLANG_WARN_INT_CONVERSION = YES;
				CLANG_WARN_OBJC_ROOT_CLASS = YES_ERROR;
				CLANG_WARN_SUSPICIOUS_MOVE = YES;
				CLANG_WARN_SUSPICIOUS_MOVES = YES;
				CLANG_WARN_UNREACHABLE_CODE = YES;
				CLANG_WARN__DUPLICATE_METHOD_MATCH = YES;
				"CODE_SIGN_IDENTITY[sdk=iphoneos*]" = "iPhone Developer";
				COPY_PHASE_STRIP = NO;
				DEBUG_INFORMATION_FORMAT = "dwarf-with-dsym";
				ENABLE_NS_ASSERTIONS = NO;
				ENABLE_STRICT_OBJC_MSGSEND = YES;
				GCC_C_LANGUAGE_STANDARD = gnu99;
				GCC_NO_COMMON_BLOCKS = YES;
				GCC_WARN_64_TO_32_BIT_CONVERSION = YES;
				GCC_WARN_ABOUT_RETURN_TYPE = YES_ERROR;
				GCC_WARN_UNDECLARED_SELECTOR = YES;
				GCC_WARN_UNINITIALIZED_AUTOS = YES_AGGRESSIVE;
				GCC_WARN_UNUSED_FUNCTION = YES;
				GCC_WARN_UNUSED_VARIABLE = YES;
				IPHONEOS_DEPLOYMENT_TARGET = 10.1;
				MTL_ENABLE_DEBUG_INFO = NO;
				SDKROOT = iphoneos;
				SWIFT_OPTIMIZATION_LEVEL = "-Owholemodule";
				TARGETED_DEVICE_FAMILY = "1,2";
				VALIDATE_PRODUCT = YES;
			};
			name = Release;
		};
		05A97B991DE1045200CAD0F0 /* Debug */ = {
			isa = XCBuildConfiguration;
			buildSettings = {
				ASSETCATALOG_COMPILER_APPICON_NAME = AppIcon;
				"CODE_SIGN_IDENTITY[sdk=iphoneos*]" = "iPhone Developer";
				DEVELOPMENT_TEAM = "";
				INFOPLIST_FILE = MuNu/Info.plist;
				IPHONEOS_DEPLOYMENT_TARGET = 10.0;
				LD_RUNPATH_SEARCH_PATHS = "$(inherited) @executable_path/Frameworks";
				PRODUCT_BUNDLE_IDENTIFIER = MuNu;
				PRODUCT_NAME = "$(TARGET_NAME)";
				PROVISIONING_PROFILE = "";
				PROVISIONING_PROFILE_SPECIFIER = "";
				SWIFT_VERSION = 3.0;
			};
			name = Debug;
		};
		05A97B9A1DE1045200CAD0F0 /* Release */ = {
			isa = XCBuildConfiguration;
			buildSettings = {
				ASSETCATALOG_COMPILER_APPICON_NAME = AppIcon;
				"CODE_SIGN_IDENTITY[sdk=iphoneos*]" = "iPhone Developer";
				DEVELOPMENT_TEAM = "";
				INFOPLIST_FILE = MuNu/Info.plist;
				IPHONEOS_DEPLOYMENT_TARGET = 10.0;
				LD_RUNPATH_SEARCH_PATHS = "$(inherited) @executable_path/Frameworks";
				PRODUCT_BUNDLE_IDENTIFIER = MuNu;
				PRODUCT_NAME = "$(TARGET_NAME)";
				PROVISIONING_PROFILE = "";
				PROVISIONING_PROFILE_SPECIFIER = "";
				SWIFT_VERSION = 3.0;
			};
			name = Release;
		};
/* End XCBuildConfiguration section */

/* Begin XCConfigurationList section */
		05A97B811DE1045200CAD0F0 /* Build configuration list for PBXProject "MuNu" */ = {
			isa = XCConfigurationList;
			buildConfigurations = (
				05A97B961DE1045200CAD0F0 /* Debug */,
				05A97B971DE1045200CAD0F0 /* Release */,
			);
			defaultConfigurationIsVisible = 0;
			defaultConfigurationName = Release;
		};
		05A97B981DE1045200CAD0F0 /* Build configuration list for PBXNativeTarget "MuNu" */ = {
			isa = XCConfigurationList;
			buildConfigurations = (
				05A97B991DE1045200CAD0F0 /* Debug */,
				05A97B9A1DE1045200CAD0F0 /* Release */,
			);
			defaultConfigurationIsVisible = 0;
			defaultConfigurationName = Release;
		};
/* End XCConfigurationList section */
	};
	rootObject = 05A97B7E1DE1045200CAD0F0 /* Project object */;
}
